
Microsoft Visual Studio Solution File, Format Version 12.00
# Visual Studio 15
VisualStudioVersion = 15.0.26730.10
MinimumVisualStudioVersion = 10.0.40219.1
Project("{FAE04EC0-301F-11D3-BF4B-00C04F79EFBC}") = "NewRelic.TraceListener", "NewRelic.TraceListener\NewRelic.TraceListener.csproj", "{4F7C1D58-9E8E-4A62-9BBE-95CEA1C3542C}"
EndProject
Project("{FAE04EC0-301F-11D3-BF4B-00C04F79EFBC}") = "NewRelicTraceListenerStandard", "NewRelicTraceListenerStandard\NewRelicTraceListenerStandard.csproj", "{DD5B5B6C-C93E-40B9-ADB8-99C762DFCD95}"
EndProject
Project("{FAE04EC0-301F-11D3-BF4B-00C04F79EFBC}") = "NewRelicTraceListenerFramework", "NewRelicTraceListenerFramework\NewRelicTraceListenerFramework.csproj", "{CDA600B6-8139-4C02-B8C3-FCB904520E78}"
EndProject
Global
	GlobalSection(SolutionConfigurationPlatforms) = preSolution
		Debug|Any CPU = Debug|Any CPU
		Release|Any CPU = Release|Any CPU
	EndGlobalSection
	GlobalSection(ProjectConfigurationPlatforms) = postSolution
		{4F7C1D58-9E8E-4A62-9BBE-95CEA1C3542C}.Debug|Any CPU.ActiveCfg = Debug|Any CPU
		{4F7C1D58-9E8E-4A62-9BBE-95CEA1C3542C}.Debug|Any CPU.Build.0 = Debug|Any CPU
		{4F7C1D58-9E8E-4A62-9BBE-95CEA1C3542C}.Release|Any CPU.ActiveCfg = Release|Any CPU
		{4F7C1D58-9E8E-4A62-9BBE-95CEA1C3542C}.Release|Any CPU.Build.0 = Release|Any CPU
		{DD5B5B6C-C93E-40B9-ADB8-99C762DFCD95}.Debug|Any CPU.ActiveCfg = Debug|Any CPU
		{DD5B5B6C-C93E-40B9-ADB8-99C762DFCD95}.Debug|Any CPU.Build.0 = Debug|Any CPU
		{DD5B5B6C-C93E-40B9-ADB8-99C762DFCD95}.Release|Any CPU.ActiveCfg = Release|Any CPU
		{DD5B5B6C-C93E-40B9-ADB8-99C762DFCD95}.Release|Any CPU.Build.0 = Release|Any CPU
		{CDA600B6-8139-4C02-B8C3-FCB904520E78}.Debug|Any CPU.ActiveCfg = Debug|Any CPU
		{CDA600B6-8139-4C02-B8C3-FCB904520E78}.Debug|Any CPU.Build.0 = Debug|Any CPU
		{CDA600B6-8139-4C02-B8C3-FCB904520E78}.Release|Any CPU.ActiveCfg = Release|Any CPU
		{CDA600B6-8139-4C02-B8C3-FCB904520E78}.Release|Any CPU.Build.0 = Release|Any CPU
	EndGlobalSection
	GlobalSection(SolutionProperties) = preSolution
		HideSolutionNode = FALSE
	EndGlobalSection
	GlobalSection(ExtensibilityGlobals) = postSolution
		SolutionGuid = {C028015E-B5B7-4FA7-B079-E004A8400317}
	EndGlobalSection
EndGlobal
