
Microsoft Visual Studio Solution File, Format Version 12.00
# Visual Studio 15
VisualStudioVersion = 15.0.26730.12
MinimumVisualStudioVersion = 10.0.40219.1
Project("{FAE04EC0-301F-11D3-BF4B-00C04F79EFBC}") = "NewRelicTraceListenerFramework", "NewRelicTraceListenerFramework\NewRelicTraceListenerFramework.csproj", "{CDA600B6-8139-4C02-B8C3-FCB904520E78}"
EndProject
Project("{FAE04EC0-301F-11D3-BF4B-00C04F79EFBC}") = "NewRelicTraceListener.Tester", "NewRelicTraceListener.Tester\NewRelicTraceListener.Tester.csproj", "{C39151B8-2292-4864-8317-8C5F8A9343EE}"
EndProject
Global
	GlobalSection(SolutionConfigurationPlatforms) = preSolution
		Debug|Any CPU = Debug|Any CPU
		Release|Any CPU = Release|Any CPU
	EndGlobalSection
	GlobalSection(ProjectConfigurationPlatforms) = postSolution
		{CDA600B6-8139-4C02-B8C3-FCB904520E78}.Debug|Any CPU.ActiveCfg = Debug|Any CPU
		{CDA600B6-8139-4C02-B8C3-FCB904520E78}.Debug|Any CPU.Build.0 = Debug|Any CPU
		{CDA600B6-8139-4C02-B8C3-FCB904520E78}.Release|Any CPU.ActiveCfg = Release|Any CPU
		{CDA600B6-8139-4C02-B8C3-FCB904520E78}.Release|Any CPU.Build.0 = Release|Any CPU
		{C39151B8-2292-4864-8317-8C5F8A9343EE}.Debug|Any CPU.ActiveCfg = Debug|Any CPU
		{C39151B8-2292-4864-8317-8C5F8A9343EE}.Debug|Any CPU.Build.0 = Debug|Any CPU
		{C39151B8-2292-4864-8317-8C5F8A9343EE}.Release|Any CPU.ActiveCfg = Release|Any CPU
		{C39151B8-2292-4864-8317-8C5F8A9343EE}.Release|Any CPU.Build.0 = Release|Any CPU
	EndGlobalSection
	GlobalSection(SolutionProperties) = preSolution
		HideSolutionNode = FALSE
	EndGlobalSection
	GlobalSection(ExtensibilityGlobals) = postSolution
		SolutionGuid = {C028015E-B5B7-4FA7-B079-E004A8400317}
	EndGlobalSection
EndGlobal
